// !$*UTF8*$!
{
	archiveVersion = 1;
	classes = {
	};
	objectVersion = 50;
	objects = {

/* Begin PBXBuildFile section */
		CD828B13265BE9AE00DE534D /* AppDelegate.swift in Sources */ = {isa = PBXBuildFile; fileRef = CD828B12265BE9AE00DE534D /* AppDelegate.swift */; };
		CD828B15265BE9AE00DE534D /* SceneDelegate.swift in Sources */ = {isa = PBXBuildFile; fileRef = CD828B14265BE9AE00DE534D /* SceneDelegate.swift */; };
		CD828B17265BE9AE00DE534D /* ViewController.swift in Sources */ = {isa = PBXBuildFile; fileRef = CD828B16265BE9AE00DE534D /* ViewController.swift */; };
		CD828B1C265BE9AF00DE534D /* Assets.xcassets in Resources */ = {isa = PBXBuildFile; fileRef = CD828B1B265BE9AF00DE534D /* Assets.xcassets */; };
		CD828B1F265BE9AF00DE534D /* LaunchScreen.storyboard in Resources */ = {isa = PBXBuildFile; fileRef = CD828B1D265BE9AF00DE534D /* LaunchScreen.storyboard */; };
/* End PBXBuildFile section */

/* Begin PBXFileReference section */
		CD828B0F265BE9AE00DE534D /* Mowee.app */ = {isa = PBXFileReference; explicitFileType = wrapper.application; includeInIndex = 0; path = Mowee.app; sourceTree = BUILT_PRODUCTS_DIR; };
		CD828B12265BE9AE00DE534D /* AppDelegate.swift */ = {isa = PBXFileReference; lastKnownFileType = sourcecode.swift; path = AppDelegate.swift; sourceTree = "<group>"; };
		CD828B14265BE9AE00DE534D /* SceneDelegate.swift */ = {isa = PBXFileReference; lastKnownFileType = sourcecode.swift; path = SceneDelegate.swift; sourceTree = "<group>"; };
		CD828B16265BE9AE00DE534D /* ViewController.swift */ = {isa = PBXFileReference; lastKnownFileType = sourcecode.swift; path = ViewController.swift; sourceTree = "<group>"; };
		CD828B1B265BE9AF00DE534D /* Assets.xcassets */ = {isa = PBXFileReference; lastKnownFileType = folder.assetcatalog; path = Assets.xcassets; sourceTree = "<group>"; };
		CD828B1E265BE9AF00DE534D /* Base */ = {isa = PBXFileReference; lastKnownFileType = file.storyboard; name = Base; path = Base.lproj/LaunchScreen.storyboard; sourceTree = "<group>"; };
		CD828B20265BE9AF00DE534D /* Info.plist */ = {isa = PBXFileReference; lastKnownFileType = text.plist.xml; path = Info.plist; sourceTree = "<group>"; };
/* End PBXFileReference section */

/* Begin PBXFrameworksBuildPhase section */
		CD828B0C265BE9AE00DE534D /* Frameworks */ = {
			isa = PBXFrameworksBuildPhase;
			buildActionMask = 2147483647;
			files = (
			);
			runOnlyForDeploymentPostprocessing = 0;
		};
/* End PBXFrameworksBuildPhase section */

/* Begin PBXGroup section */
		CD828B06265BE9AE00DE534D = {
			isa = PBXGroup;
			children = (
				CD828B11265BE9AE00DE534D /* Mowee */,
				CD828B10265BE9AE00DE534D /* Products */,
			);
			sourceTree = "<group>";
		};
		CD828B10265BE9AE00DE534D /* Products */ = {
			isa = PBXGroup;
			children = (
				CD828B0F265BE9AE00DE534D /* Mowee.app */,
			);
			name = Products;
			sourceTree = "<group>";
		};
		CD828B11265BE9AE00DE534D /* Mowee */ = {
			isa = PBXGroup;
			children = (
				CD828B34265BEBA200DE534D /* main */,
				CD828B2C265BEAC000DE534D /* assets */,
				CD828B2B265BEAB200DE534D /* app */,
				CD828B20265BE9AF00DE534D /* Info.plist */,
			);
			path = Mowee;
			sourceTree = "<group>";
		};
		CD828B2B265BEAB200DE534D /* app */ = {
			isa = PBXGroup;
			children = (
				CD828B16265BE9AE00DE534D /* ViewController.swift */,
				CD828B30265BEB0200DE534D /* Network */,
			);
			path = app;
			sourceTree = "<group>";
		};
		CD828B2C265BEAC000DE534D /* assets */ = {
			isa = PBXGroup;
			children = (
				CD828B1B265BE9AF00DE534D /* Assets.xcassets */,
			);
			path = assets;
			sourceTree = "<group>";
		};
		CD828B30265BEB0200DE534D /* Network */ = {
			isa = PBXGroup;
			children = (
			);
			path = Network;
			sourceTree = "<group>";
		};
		CD828B34265BEBA200DE534D /* main */ = {
			isa = PBXGroup;
			children = (
				CD828B12265BE9AE00DE534D /* AppDelegate.swift */,
				CD828B14265BE9AE00DE534D /* SceneDelegate.swift */,
				CD828B1D265BE9AF00DE534D /* LaunchScreen.storyboard */,
			);
			path = main;
			sourceTree = "<group>";
		};
/* End PBXGroup section */

/* Begin PBXNativeTarget section */
		CD828B0E265BE9AE00DE534D /* Mowee */ = {
			isa = PBXNativeTarget;
			buildConfigurationList = CD828B23265BE9AF00DE534D /* Build configuration list for PBXNativeTarget "Mowee" */;
			buildPhases = (
				CD828B0B265BE9AE00DE534D /* Sources */,
				CD828B0C265BE9AE00DE534D /* Frameworks */,
				CD828B0D265BE9AE00DE534D /* Resources */,
			);
			buildRules = (
			);
			dependencies = (
			);
			name = Mowee;
			productName = Mowee;
			productReference = CD828B0F265BE9AE00DE534D /* Mowee.app */;
			productType = "com.apple.product-type.application";
		};
/* End PBXNativeTarget section */

/* Begin PBXProject section */
		CD828B07265BE9AE00DE534D /* Project object */ = {
			isa = PBXProject;
			attributes = {
				LastSwiftUpdateCheck = 1240;
				LastUpgradeCheck = 1240;
				TargetAttributes = {
					CD828B0E265BE9AE00DE534D = {
						CreatedOnToolsVersion = 12.4;
					};
				};
			};
			buildConfigurationList = CD828B0A265BE9AE00DE534D /* Build configuration list for PBXProject "Mowee" */;
			compatibilityVersion = "Xcode 9.3";
			developmentRegion = en;
			hasScannedForEncodings = 0;
			knownRegions = (
				en,
				Base,
			);
			mainGroup = CD828B06265BE9AE00DE534D;
			productRefGroup = CD828B10265BE9AE00DE534D /* Products */;
			projectDirPath = "";
			projectRoot = "";
			targets = (
				CD828B0E265BE9AE00DE534D /* Mowee */,
			);
		};
/* End PBXProject section */

/* Begin PBXResourcesBuildPhase section */
		CD828B0D265BE9AE00DE534D /* Resources */ = {
			isa = PBXResourcesBuildPhase;
			buildActionMask = 2147483647;
			files = (
				CD828B1F265BE9AF00DE534D /* LaunchScreen.storyboard in Resources */,
				CD828B1C265BE9AF00DE534D /* Assets.xcassets in Resources */,
			);
			runOnlyForDeploymentPostprocessing = 0;
		};
/* End PBXResourcesBuildPhase section */

/* Begin PBXSourcesBuildPhase section */
		CD828B0B265BE9AE00DE534D /* Sources */ = {
			isa = PBXSourcesBuildPhase;
			buildActionMask = 2147483647;
			files = (
				CD828B17265BE9AE00DE534D /* ViewController.swift in Sources */,
				CD828B13265BE9AE00DE534D /* AppDelegate.swift in Sources */,
				CD828B15265BE9AE00DE534D /* SceneDelegate.swift in Sources */,
			);
			runOnlyForDeploymentPostprocessing = 0;
		};
/* End PBXSourcesBuildPhase section */

/* Begin PBXVariantGroup section */
		CD828B1D265BE9AF00DE534D /* LaunchScreen.storyboard */ = {
			isa = PBXVariantGroup;
			children = (
				CD828B1E265BE9AF00DE534D /* Base */,
			);
			name = LaunchScreen.storyboard;
			sourceTree = "<group>";
		};
/* End PBXVariantGroup section */

/* Begin XCBuildConfiguration section */
		CD828B21265BE9AF00DE534D /* Debug */ = {
			isa = XCBuildConfiguration;
			buildSettings = {
				ALWAYS_SEARCH_USER_PATHS = NO;
				CLANG_ANALYZER_NONNULL = YES;
				CLANG_ANALYZER_NUMBER_OBJECT_CONVERSION = YES_AGGRESSIVE;
				CLANG_CXX_LANGUAGE_STANDARD = "gnu++14";
				CLANG_CXX_LIBRARY = "libc++";
				CLANG_ENABLE_MODULES = YES;
				CLANG_ENABLE_OBJC_ARC = YES;
				CLANG_ENABLE_OBJC_WEAK = YES;
				CLANG_WARN_BLOCK_CAPTURE_AUTORELEASING = YES;
				CLANG_WARN_BOOL_CONVERSION = YES;
				CLANG_WARN_COMMA = YES;
				CLANG_WARN_CONSTANT_CONVERSION = YES;
				CLANG_WARN_DEPRECATED_OBJC_IMPLEMENTATIONS = YES;
				CLANG_WARN_DIRECT_OBJC_ISA_USAGE = YES_ERROR;
				CLANG_WARN_DOCUMENTATION_COMMENTS = YES;
				CLANG_WARN_EMPTY_BODY = YES;
				CLANG_WARN_ENUM_CONVERSION = YES;
				CLANG_WARN_INFINITE_RECURSION = YES;
				CLANG_WARN_INT_CONVERSION = YES;
				CLANG_WARN_NON_LITERAL_NULL_CONVERSION = YES;
				CLANG_WARN_OBJC_IMPLICIT_RETAIN_SELF = YES;
				CLANG_WARN_OBJC_LITERAL_CONVERSION = YES;
				CLANG_WARN_OBJC_ROOT_CLASS = YES_ERROR;
				CLANG_WARN_QUOTED_INCLUDE_IN_FRAMEWORK_HEADER = YES;
				CLANG_WARN_RANGE_LOOP_ANALYSIS = YES;
				CLANG_WARN_STRICT_PROTOTYPES = YES;
				CLANG_WARN_SUSPICIOUS_MOVE = YES;
				CLANG_WARN_UNGUARDED_AVAILABILITY = YES_AGGRESSIVE;
				CLANG_WARN_UNREACHABLE_CODE = YES;
				CLANG_WARN__DUPLICATE_METHOD_MATCH = YES;
				COPY_PHASE_STRIP = NO;
				DEBUG_INFORMATION_FORMAT = dwarf;
				ENABLE_STRICT_OBJC_MSGSEND = YES;
				ENABLE_TESTABILITY = YES;
				GCC_C_LANGUAGE_STANDARD = gnu11;
				GCC_DYNAMIC_NO_PIC = NO;
				GCC_NO_COMMON_BLOCKS = YES;
				GCC_OPTIMIZATION_LEVEL = 0;
				GCC_PREPROCESSOR_DEFINITIONS = (
					"DEBUG=1",
					"$(inherited)",
				);
				GCC_WARN_64_TO_32_BIT_CONVERSION = YES;
				GCC_WARN_ABOUT_RETURN_TYPE = YES_ERROR;
				GCC_WARN_UNDECLARED_SELECTOR = YES;
				GCC_WARN_UNINITIALIZED_AUTOS = YES_AGGRESSIVE;
				GCC_WARN_UNUSED_FUNCTION = YES;
				GCC_WARN_UNUSED_VARIABLE = YES;
				IPHONEOS_DEPLOYMENT_TARGET = 14.4;
				MTL_ENABLE_DEBUG_INFO = INCLUDE_SOURCE;
				MTL_FAST_MATH = YES;
				ONLY_ACTIVE_ARCH = YES;
				SDKROOT = iphoneos;
				SWIFT_ACTIVE_COMPILATION_CONDITIONS = DEBUG;
				SWIFT_OPTIMIZATION_LEVEL = "-Onone";
			};
			name = Debug;
		};
		CD828B22265BE9AF00DE534D /* Release */ = {
			isa = XCBuildConfiguration;
			buildSettings = {
				ALWAYS_SEARCH_USER_PATHS = NO;
				CLANG_ANALYZER_NONNULL = YES;
				CLANG_ANALYZER_NUMBER_OBJECT_CONVERSION = YES_AGGRESSIVE;
				CLANG_CXX_LANGUAGE_STANDARD = "gnu++14";
				CLANG_CXX_LIBRARY = "libc++";
				CLANG_ENABLE_MODULES = YES;
				CLANG_ENABLE_OBJC_ARC = YES;
				CLANG_ENABLE_OBJC_WEAK = YES;
				CLANG_WARN_BLOCK_CAPTURE_AUTORELEASING = YES;
				CLANG_WARN_BOOL_CONVERSION = YES;
				CLANG_WARN_COMMA = YES;
				CLANG_WARN_CONSTANT_CONVERSION = YES;
				CLANG_WARN_DEPRECATED_OBJC_IMPLEMENTATIONS = YES;
				CLANG_WARN_DIRECT_OBJC_ISA_USAGE = YES_ERROR;
				CLANG_WARN_DOCUMENTATION_COMMENTS = YES;
				CLANG_WARN_EMPTY_BODY = YES;
				CLANG_WARN_ENUM_CONVERSION = YES;
				CLANG_WARN_INFINITE_RECURSION = YES;
				CLANG_WARN_INT_CONVERSION = YES;
				CLANG_WARN_NON_LITERAL_NULL_CONVERSION = YES;
				CLANG_WARN_OBJC_IMPLICIT_RETAIN_SELF = YES;
				CLANG_WARN_OBJC_LITERAL_CONVERSION = YES;
				CLANG_WARN_OBJC_ROOT_CLASS = YES_ERROR;
				CLANG_WARN_QUOTED_INCLUDE_IN_FRAMEWORK_HEADER = YES;
				CLANG_WARN_RANGE_LOOP_ANALYSIS = YES;
				CLANG_WARN_STRICT_PROTOTYPES = YES;
				CLANG_WARN_SUSPICIOUS_MOVE = YES;
				CLANG_WARN_UNGUARDED_AVAILABILITY = YES_AGGRESSIVE;
				CLANG_WARN_UNREACHABLE_CODE = YES;
				CLANG_WARN__DUPLICATE_METHOD_MATCH = YES;
				COPY_PHASE_STRIP = NO;
				DEBUG_INFORMATION_FORMAT = "dwarf-with-dsym";
				ENABLE_NS_ASSERTIONS = NO;
				ENABLE_STRICT_OBJC_MSGSEND = YES;
				GCC_C_LANGUAGE_STANDARD = gnu11;
				GCC_NO_COMMON_BLOCKS = YES;
				GCC_WARN_64_TO_32_BIT_CONVERSION = YES;
				GCC_WARN_ABOUT_RETURN_TYPE = YES_ERROR;
				GCC_WARN_UNDECLARED_SELECTOR = YES;
				GCC_WARN_UNINITIALIZED_AUTOS = YES_AGGRESSIVE;
				GCC_WARN_UNUSED_FUNCTION = YES;
				GCC_WARN_UNUSED_VARIABLE = YES;
				IPHONEOS_DEPLOYMENT_TARGET = 14.4;
				MTL_ENABLE_DEBUG_INFO = NO;
				MTL_FAST_MATH = YES;
				SDKROOT = iphoneos;
				SWIFT_COMPILATION_MODE = wholemodule;
				SWIFT_OPTIMIZATION_LEVEL = "-O";
				VALIDATE_PRODUCT = YES;
			};
			name = Release;
		};
		CD828B24265BE9AF00DE534D /* Debug */ = {
			isa = XCBuildConfiguration;
			buildSettings = {
				ASSETCATALOG_COMPILER_APPICON_NAME = AppIcon;
				ASSETCATALOG_COMPILER_GLOBAL_ACCENT_COLOR_NAME = AccentColor;
				CODE_SIGN_STYLE = Automatic;
				DEVELOPMENT_TEAM = 34XCG4MM64;
				INFOPLIST_FILE = Mowee/Info.plist;
				LD_RUNPATH_SEARCH_PATHS = (
					"$(inherited)",
					"@executable_path/Frameworks",
				);
				PRODUCT_BUNDLE_IDENTIFIER = mojisola.Mowee;
				PRODUCT_NAME = "$(TARGET_NAME)";
				SWIFT_VERSION = 5.0;
				TARGETED_DEVICE_FAMILY = "1,2";
			};
			name = Debug;
		};
		CD828B25265BE9AF00DE534D /* Release */ = {
			isa = XCBuildConfiguration;
			buildSettings = {
				ASSETCATALOG_COMPILER_APPICON_NAME = AppIcon;
				ASSETCATALOG_COMPILER_GLOBAL_ACCENT_COLOR_NAME = AccentColor;
				CODE_SIGN_STYLE = Automatic;
				DEVELOPMENT_TEAM = 34XCG4MM64;
				INFOPLIST_FILE = Mowee/Info.plist;
				LD_RUNPATH_SEARCH_PATHS = (
					"$(inherited)",
					"@executable_path/Frameworks",
				);
				PRODUCT_BUNDLE_IDENTIFIER = mojisola.Mowee;
				PRODUCT_NAME = "$(TARGET_NAME)";
				SWIFT_VERSION = 5.0;
				TARGETED_DEVICE_FAMILY = "1,2";
			};
			name = Release;
		};
/* End XCBuildConfiguration section */

/* Begin XCConfigurationList section */
		CD828B0A265BE9AE00DE534D /* Build configuration list for PBXProject "Mowee" */ = {
			isa = XCConfigurationList;
			buildConfigurations = (
				CD828B21265BE9AF00DE534D /* Debug */,
				CD828B22265BE9AF00DE534D /* Release */,
			);
			defaultConfigurationIsVisible = 0;
			defaultConfigurationName = Release;
		};
		CD828B23265BE9AF00DE534D /* Build configuration list for PBXNativeTarget "Mowee" */ = {
			isa = XCConfigurationList;
			buildConfigurations = (
				CD828B24265BE9AF00DE534D /* Debug */,
				CD828B25265BE9AF00DE534D /* Release */,
			);
			defaultConfigurationIsVisible = 0;
			defaultConfigurationName = Release;
		};
/* End XCConfigurationList section */
	};
	rootObject = CD828B07265BE9AE00DE534D /* Project object */;
}
