// !$*UTF8*$!
{
	archiveVersion = 1;
	classes = {
	};
	objectVersion = 50;
	objects = {

/* Begin PBXBuildFile section */
		CD2A26C7265D05690071234C /* MovieRowView.swift in Sources */ = {isa = PBXBuildFile; fileRef = CD2A26C6265D05690071234C /* MovieRowView.swift */; };
		CD2A26CB265D067B0071234C /* MovieRowCollectionViewController.swift in Sources */ = {isa = PBXBuildFile; fileRef = CD2A26CA265D067B0071234C /* MovieRowCollectionViewController.swift */; };
		CD2A26CE265D12010071234C /* ImageCacheManager.swift in Sources */ = {isa = PBXBuildFile; fileRef = CD2A26CD265D12010071234C /* ImageCacheManager.swift */; };
		CD2A26D5265D32050071234C /* DetailViewController.swift in Sources */ = {isa = PBXBuildFile; fileRef = CD2A26D4265D32050071234C /* DetailViewController.swift */; };
		CD2A26D8265D34F20071234C /* DetailsView.swift in Sources */ = {isa = PBXBuildFile; fileRef = CD2A26D7265D34F20071234C /* DetailsView.swift */; };
		CD2A26DB265D40F70071234C /* DetailsWebService.swift in Sources */ = {isa = PBXBuildFile; fileRef = CD2A26DA265D40F70071234C /* DetailsWebService.swift */; };
		CD2A26DE265D41070071234C /* DetailsViewModel.swift in Sources */ = {isa = PBXBuildFile; fileRef = CD2A26DD265D41070071234C /* DetailsViewModel.swift */; };
		CD2A26E1265D415B0071234C /* MovieDetailsResponse.swift in Sources */ = {isa = PBXBuildFile; fileRef = CD2A26E0265D415B0071234C /* MovieDetailsResponse.swift */; };
		CD2A26E4265D4AC10071234C /* MoviePersisterManager.swift in Sources */ = {isa = PBXBuildFile; fileRef = CD2A26E3265D4AC10071234C /* MoviePersisterManager.swift */; };
		CD2A26E7265D655D0071234C /* Favourite.swift in Sources */ = {isa = PBXBuildFile; fileRef = CD2A26E6265D655D0071234C /* Favourite.swift */; };
		CD2A26ED265D67B90071234C /* TabBarController.swift in Sources */ = {isa = PBXBuildFile; fileRef = CD2A26EC265D67B90071234C /* TabBarController.swift */; };
		CD2A26F1265D68AE0071234C /* FavouritesViewController.swift in Sources */ = {isa = PBXBuildFile; fileRef = CD2A26F0265D68AE0071234C /* FavouritesViewController.swift */; };
		CD2A26F4265D70C80071234C /* FavouriteView.swift in Sources */ = {isa = PBXBuildFile; fileRef = CD2A26F3265D70C80071234C /* FavouriteView.swift */; };
		CD828B13265BE9AE00DE534D /* AppDelegate.swift in Sources */ = {isa = PBXBuildFile; fileRef = CD828B12265BE9AE00DE534D /* AppDelegate.swift */; };
		CD828B15265BE9AE00DE534D /* SceneDelegate.swift in Sources */ = {isa = PBXBuildFile; fileRef = CD828B14265BE9AE00DE534D /* SceneDelegate.swift */; };
		CD828B1C265BE9AF00DE534D /* Assets.xcassets in Resources */ = {isa = PBXBuildFile; fileRef = CD828B1B265BE9AF00DE534D /* Assets.xcassets */; };
		CD828B1F265BE9AF00DE534D /* LaunchScreen.storyboard in Resources */ = {isa = PBXBuildFile; fileRef = CD828B1D265BE9AF00DE534D /* LaunchScreen.storyboard */; };
		CD828B36265BEC0C00DE534D /* NetworkManager.swift in Sources */ = {isa = PBXBuildFile; fileRef = CD828B35265BEC0C00DE534D /* NetworkManager.swift */; };
		CD828B3D265BEC6700DE534D /* Decoder.swift in Sources */ = {isa = PBXBuildFile; fileRef = CD828B3C265BEC6700DE534D /* Decoder.swift */; };
		CD828B40265BEC9900DE534D /* CustomHttpError.swift in Sources */ = {isa = PBXBuildFile; fileRef = CD828B3F265BEC9900DE534D /* CustomHttpError.swift */; };
		CD828B43265BECB800DE534D /* RequestType.swift in Sources */ = {isa = PBXBuildFile; fileRef = CD828B42265BECB800DE534D /* RequestType.swift */; };
		CD828B46265BECD300DE534D /* UnknowError.swift in Sources */ = {isa = PBXBuildFile; fileRef = CD828B45265BECD300DE534D /* UnknowError.swift */; };
		CD828B49265BED7E00DE534D /* NetworkConstants.swift in Sources */ = {isa = PBXBuildFile; fileRef = CD828B48265BED7E00DE534D /* NetworkConstants.swift */; };
		CD828B4D265BEE8000DE534D /* HomeViewController.swift in Sources */ = {isa = PBXBuildFile; fileRef = CD828B4C265BEE8000DE534D /* HomeViewController.swift */; };
		CD828B53265BEF3700DE534D /* Movie.swift in Sources */ = {isa = PBXBuildFile; fileRef = CD828B52265BEF3700DE534D /* Movie.swift */; };
		CD828B57265BEFC600DE534D /* HomeWebService.swift in Sources */ = {isa = PBXBuildFile; fileRef = CD828B56265BEFC600DE534D /* HomeWebService.swift */; };
		CD828B5A265BF11F00DE534D /* HomeView.swift in Sources */ = {isa = PBXBuildFile; fileRef = CD828B59265BF11F00DE534D /* HomeView.swift */; };
		CD828B5D265BF31A00DE534D /* NowPlayingView.swift in Sources */ = {isa = PBXBuildFile; fileRef = CD828B5C265BF31A00DE534D /* NowPlayingView.swift */; };
		CD828B61265BF61300DE534D /* HomeViewModel.swift in Sources */ = {isa = PBXBuildFile; fileRef = CD828B60265BF61300DE534D /* HomeViewModel.swift */; };
		CD828B64265BFC0700DE534D /* NowPlayingResponse.swift in Sources */ = {isa = PBXBuildFile; fileRef = CD828B63265BFC0700DE534D /* NowPlayingResponse.swift */; };
/* End PBXBuildFile section */

/* Begin PBXFileReference section */
		CD2A26C6265D05690071234C /* MovieRowView.swift */ = {isa = PBXFileReference; lastKnownFileType = sourcecode.swift; path = MovieRowView.swift; sourceTree = "<group>"; };
		CD2A26CA265D067B0071234C /* MovieRowCollectionViewController.swift */ = {isa = PBXFileReference; lastKnownFileType = sourcecode.swift; path = MovieRowCollectionViewController.swift; sourceTree = "<group>"; };
		CD2A26CD265D12010071234C /* ImageCacheManager.swift */ = {isa = PBXFileReference; lastKnownFileType = sourcecode.swift; path = ImageCacheManager.swift; sourceTree = "<group>"; };
		CD2A26D4265D32050071234C /* DetailViewController.swift */ = {isa = PBXFileReference; lastKnownFileType = sourcecode.swift; path = DetailViewController.swift; sourceTree = "<group>"; };
		CD2A26D7265D34F20071234C /* DetailsView.swift */ = {isa = PBXFileReference; lastKnownFileType = sourcecode.swift; path = DetailsView.swift; sourceTree = "<group>"; };
		CD2A26DA265D40F70071234C /* DetailsWebService.swift */ = {isa = PBXFileReference; lastKnownFileType = sourcecode.swift; path = DetailsWebService.swift; sourceTree = "<group>"; };
		CD2A26DD265D41070071234C /* DetailsViewModel.swift */ = {isa = PBXFileReference; lastKnownFileType = sourcecode.swift; path = DetailsViewModel.swift; sourceTree = "<group>"; };
		CD2A26E0265D415B0071234C /* MovieDetailsResponse.swift */ = {isa = PBXFileReference; lastKnownFileType = sourcecode.swift; path = MovieDetailsResponse.swift; sourceTree = "<group>"; };
		CD2A26E3265D4AC10071234C /* MoviePersisterManager.swift */ = {isa = PBXFileReference; lastKnownFileType = sourcecode.swift; path = MoviePersisterManager.swift; sourceTree = "<group>"; };
		CD2A26E6265D655D0071234C /* Favourite.swift */ = {isa = PBXFileReference; lastKnownFileType = sourcecode.swift; path = Favourite.swift; sourceTree = "<group>"; };
		CD2A26EC265D67B90071234C /* TabBarController.swift */ = {isa = PBXFileReference; lastKnownFileType = sourcecode.swift; path = TabBarController.swift; sourceTree = "<group>"; };
		CD2A26F0265D68AE0071234C /* FavouritesViewController.swift */ = {isa = PBXFileReference; lastKnownFileType = sourcecode.swift; path = FavouritesViewController.swift; sourceTree = "<group>"; };
		CD2A26F3265D70C80071234C /* FavouriteView.swift */ = {isa = PBXFileReference; lastKnownFileType = sourcecode.swift; path = FavouriteView.swift; sourceTree = "<group>"; };
		CD828B0F265BE9AE00DE534D /* Mowee.app */ = {isa = PBXFileReference; explicitFileType = wrapper.application; includeInIndex = 0; path = Mowee.app; sourceTree = BUILT_PRODUCTS_DIR; };
		CD828B12265BE9AE00DE534D /* AppDelegate.swift */ = {isa = PBXFileReference; lastKnownFileType = sourcecode.swift; path = AppDelegate.swift; sourceTree = "<group>"; };
		CD828B14265BE9AE00DE534D /* SceneDelegate.swift */ = {isa = PBXFileReference; lastKnownFileType = sourcecode.swift; path = SceneDelegate.swift; sourceTree = "<group>"; };
		CD828B1B265BE9AF00DE534D /* Assets.xcassets */ = {isa = PBXFileReference; lastKnownFileType = folder.assetcatalog; path = Assets.xcassets; sourceTree = "<group>"; };
		CD828B1E265BE9AF00DE534D /* Base */ = {isa = PBXFileReference; lastKnownFileType = file.storyboard; name = Base; path = Base.lproj/LaunchScreen.storyboard; sourceTree = "<group>"; };
		CD828B20265BE9AF00DE534D /* Info.plist */ = {isa = PBXFileReference; lastKnownFileType = text.plist.xml; path = Info.plist; sourceTree = "<group>"; };
		CD828B35265BEC0C00DE534D /* NetworkManager.swift */ = {isa = PBXFileReference; lastKnownFileType = sourcecode.swift; path = NetworkManager.swift; sourceTree = "<group>"; };
		CD828B3C265BEC6700DE534D /* Decoder.swift */ = {isa = PBXFileReference; lastKnownFileType = sourcecode.swift; path = Decoder.swift; sourceTree = "<group>"; };
		CD828B3F265BEC9900DE534D /* CustomHttpError.swift */ = {isa = PBXFileReference; lastKnownFileType = sourcecode.swift; path = CustomHttpError.swift; sourceTree = "<group>"; };
		CD828B42265BECB800DE534D /* RequestType.swift */ = {isa = PBXFileReference; lastKnownFileType = sourcecode.swift; path = RequestType.swift; sourceTree = "<group>"; };
		CD828B45265BECD300DE534D /* UnknowError.swift */ = {isa = PBXFileReference; lastKnownFileType = sourcecode.swift; path = UnknowError.swift; sourceTree = "<group>"; };
		CD828B48265BED7E00DE534D /* NetworkConstants.swift */ = {isa = PBXFileReference; lastKnownFileType = sourcecode.swift; path = NetworkConstants.swift; sourceTree = "<group>"; };
		CD828B4C265BEE8000DE534D /* HomeViewController.swift */ = {isa = PBXFileReference; lastKnownFileType = sourcecode.swift; path = HomeViewController.swift; sourceTree = "<group>"; };
		CD828B52265BEF3700DE534D /* Movie.swift */ = {isa = PBXFileReference; lastKnownFileType = sourcecode.swift; path = Movie.swift; sourceTree = "<group>"; };
		CD828B56265BEFC600DE534D /* HomeWebService.swift */ = {isa = PBXFileReference; lastKnownFileType = sourcecode.swift; path = HomeWebService.swift; sourceTree = "<group>"; };
		CD828B59265BF11F00DE534D /* HomeView.swift */ = {isa = PBXFileReference; lastKnownFileType = sourcecode.swift; path = HomeView.swift; sourceTree = "<group>"; };
		CD828B5C265BF31A00DE534D /* NowPlayingView.swift */ = {isa = PBXFileReference; lastKnownFileType = sourcecode.swift; path = NowPlayingView.swift; sourceTree = "<group>"; };
		CD828B60265BF61300DE534D /* HomeViewModel.swift */ = {isa = PBXFileReference; lastKnownFileType = sourcecode.swift; path = HomeViewModel.swift; sourceTree = "<group>"; };
		CD828B63265BFC0700DE534D /* NowPlayingResponse.swift */ = {isa = PBXFileReference; lastKnownFileType = sourcecode.swift; path = NowPlayingResponse.swift; sourceTree = "<group>"; };
/* End PBXFileReference section */

/* Begin PBXFrameworksBuildPhase section */
		CD828B0C265BE9AE00DE534D /* Frameworks */ = {
			isa = PBXFrameworksBuildPhase;
			buildActionMask = 2147483647;
			files = (
			);
			runOnlyForDeploymentPostprocessing = 0;
		};
/* End PBXFrameworksBuildPhase section */

/* Begin PBXGroup section */
		CD2A26C9265D065D0071234C /* Cells */ = {
			isa = PBXGroup;
			children = (
				CD2A26CA265D067B0071234C /* MovieRowCollectionViewController.swift */,
			);
			path = Cells;
			sourceTree = "<group>";
		};
		CD2A26D1265D31D70071234C /* Home */ = {
			isa = PBXGroup;
			children = (
				CD828B50265BEEF500DE534D /* Views */,
				CD828B4C265BEE8000DE534D /* HomeViewController.swift */,
				CD828B56265BEFC600DE534D /* HomeWebService.swift */,
				CD828B60265BF61300DE534D /* HomeViewModel.swift */,
			);
			path = Home;
			sourceTree = "<group>";
		};
		CD2A26D2265D31E60071234C /* Detail */ = {
			isa = PBXGroup;
			children = (
				CD2A26D3265D31EE0071234C /* View */,
				CD2A26D4265D32050071234C /* DetailViewController.swift */,
				CD2A26DA265D40F70071234C /* DetailsWebService.swift */,
				CD2A26DD265D41070071234C /* DetailsViewModel.swift */,
			);
			path = Detail;
			sourceTree = "<group>";
		};
		CD2A26D3265D31EE0071234C /* View */ = {
			isa = PBXGroup;
			children = (
				CD2A26D7265D34F20071234C /* DetailsView.swift */,
			);
			path = View;
			sourceTree = "<group>";
		};
		CD2A26E9265D65E90071234C /* Favourite */ = {
			isa = PBXGroup;
			children = (
				CD2A26F0265D68AE0071234C /* FavouritesViewController.swift */,
				CD2A26F3265D70C80071234C /* FavouriteView.swift */,
			);
			path = Favourite;
			sourceTree = "<group>";
		};
		CD2A26EB265D67A70071234C /* TabBar */ = {
			isa = PBXGroup;
			children = (
				CD2A26EC265D67B90071234C /* TabBarController.swift */,
			);
			path = TabBar;
			sourceTree = "<group>";
		};
		CD828B06265BE9AE00DE534D = {
			isa = PBXGroup;
			children = (
				CD828B11265BE9AE00DE534D /* Mowee */,
				CD828B10265BE9AE00DE534D /* Products */,
			);
			sourceTree = "<group>";
		};
		CD828B10265BE9AE00DE534D /* Products */ = {
			isa = PBXGroup;
			children = (
				CD828B0F265BE9AE00DE534D /* Mowee.app */,
			);
			name = Products;
			sourceTree = "<group>";
		};
		CD828B11265BE9AE00DE534D /* Mowee */ = {
			isa = PBXGroup;
			children = (
				CD828B34265BEBA200DE534D /* main */,
				CD828B2C265BEAC000DE534D /* assets */,
				CD828B2B265BEAB200DE534D /* app */,
				CD828B20265BE9AF00DE534D /* Info.plist */,
			);
			path = Mowee;
			sourceTree = "<group>";
		};
		CD828B2B265BEAB200DE534D /* app */ = {
			isa = PBXGroup;
			children = (
				CD2A26EB265D67A70071234C /* TabBar */,
				CD828B51265BEF0800DE534D /* Model */,
				CD828B4B265BEE5000DE534D /* Modules */,
				CD828B39265BEC3D00DE534D /* Custom */,
				CD828B30265BEB0200DE534D /* Network */,
			);
			path = app;
			sourceTree = "<group>";
		};
		CD828B2C265BEAC000DE534D /* assets */ = {
			isa = PBXGroup;
			children = (
				CD828B1B265BE9AF00DE534D /* Assets.xcassets */,
			);
			path = assets;
			sourceTree = "<group>";
		};
		CD828B30265BEB0200DE534D /* Network */ = {
			isa = PBXGroup;
			children = (
				CD828B35265BEC0C00DE534D /* NetworkManager.swift */,
				CD828B48265BED7E00DE534D /* NetworkConstants.swift */,
			);
			path = Network;
			sourceTree = "<group>";
		};
		CD828B34265BEBA200DE534D /* main */ = {
			isa = PBXGroup;
			children = (
				CD828B12265BE9AE00DE534D /* AppDelegate.swift */,
				CD828B14265BE9AE00DE534D /* SceneDelegate.swift */,
				CD828B1D265BE9AF00DE534D /* LaunchScreen.storyboard */,
			);
			path = main;
			sourceTree = "<group>";
		};
		CD828B39265BEC3D00DE534D /* Custom */ = {
			isa = PBXGroup;
			children = (
				CD828B3B265BEC5200DE534D /* class */,
				CD828B3A265BEC4400DE534D /* enum */,
			);
			path = Custom;
			sourceTree = "<group>";
		};
		CD828B3A265BEC4400DE534D /* enum */ = {
			isa = PBXGroup;
			children = (
				CD828B3F265BEC9900DE534D /* CustomHttpError.swift */,
				CD828B42265BECB800DE534D /* RequestType.swift */,
				CD828B45265BECD300DE534D /* UnknowError.swift */,
			);
			path = enum;
			sourceTree = "<group>";
		};
		CD828B3B265BEC5200DE534D /* class */ = {
			isa = PBXGroup;
			children = (
				CD828B3C265BEC6700DE534D /* Decoder.swift */,
				CD2A26CD265D12010071234C /* ImageCacheManager.swift */,
				CD2A26E3265D4AC10071234C /* MoviePersisterManager.swift */,
			);
			path = class;
			sourceTree = "<group>";
		};
		CD828B4B265BEE5000DE534D /* Modules */ = {
			isa = PBXGroup;
			children = (
				CD2A26E9265D65E90071234C /* Favourite */,
				CD2A26D2265D31E60071234C /* Detail */,
				CD2A26D1265D31D70071234C /* Home */,
			);
			path = Modules;
			sourceTree = "<group>";
		};
		CD828B50265BEEF500DE534D /* Views */ = {
			isa = PBXGroup;
			children = (
				CD2A26C9265D065D0071234C /* Cells */,
				CD828B59265BF11F00DE534D /* HomeView.swift */,
				CD828B5C265BF31A00DE534D /* NowPlayingView.swift */,
				CD2A26C6265D05690071234C /* MovieRowView.swift */,
			);
			path = Views;
			sourceTree = "<group>";
		};
		CD828B51265BEF0800DE534D /* Model */ = {
			isa = PBXGroup;
			children = (
				CD828B52265BEF3700DE534D /* Movie.swift */,
				CD828B63265BFC0700DE534D /* NowPlayingResponse.swift */,
				CD2A26E0265D415B0071234C /* MovieDetailsResponse.swift */,
				CD2A26E6265D655D0071234C /* Favourite.swift */,
			);
			path = Model;
			sourceTree = "<group>";
		};
/* End PBXGroup section */

/* Begin PBXNativeTarget section */
		CD828B0E265BE9AE00DE534D /* Mowee */ = {
			isa = PBXNativeTarget;
			buildConfigurationList = CD828B23265BE9AF00DE534D /* Build configuration list for PBXNativeTarget "Mowee" */;
			buildPhases = (
				CD828B0B265BE9AE00DE534D /* Sources */,
				CD828B0C265BE9AE00DE534D /* Frameworks */,
				CD828B0D265BE9AE00DE534D /* Resources */,
			);
			buildRules = (
			);
			dependencies = (
			);
			name = Mowee;
			productName = Mowee;
			productReference = CD828B0F265BE9AE00DE534D /* Mowee.app */;
			productType = "com.apple.product-type.application";
		};
/* End PBXNativeTarget section */

/* Begin PBXProject section */
		CD828B07265BE9AE00DE534D /* Project object */ = {
			isa = PBXProject;
			attributes = {
				LastSwiftUpdateCheck = 1240;
				LastUpgradeCheck = 1240;
				TargetAttributes = {
					CD828B0E265BE9AE00DE534D = {
						CreatedOnToolsVersion = 12.4;
					};
				};
			};
			buildConfigurationList = CD828B0A265BE9AE00DE534D /* Build configuration list for PBXProject "Mowee" */;
			compatibilityVersion = "Xcode 9.3";
			developmentRegion = en;
			hasScannedForEncodings = 0;
			knownRegions = (
				en,
				Base,
			);
			mainGroup = CD828B06265BE9AE00DE534D;
			productRefGroup = CD828B10265BE9AE00DE534D /* Products */;
			projectDirPath = "";
			projectRoot = "";
			targets = (
				CD828B0E265BE9AE00DE534D /* Mowee */,
			);
		};
/* End PBXProject section */

/* Begin PBXResourcesBuildPhase section */
		CD828B0D265BE9AE00DE534D /* Resources */ = {
			isa = PBXResourcesBuildPhase;
			buildActionMask = 2147483647;
			files = (
				CD828B1F265BE9AF00DE534D /* LaunchScreen.storyboard in Resources */,
				CD828B1C265BE9AF00DE534D /* Assets.xcassets in Resources */,
			);
			runOnlyForDeploymentPostprocessing = 0;
		};
/* End PBXResourcesBuildPhase section */

/* Begin PBXSourcesBuildPhase section */
		CD828B0B265BE9AE00DE534D /* Sources */ = {
			isa = PBXSourcesBuildPhase;
			buildActionMask = 2147483647;
			files = (
				CD828B49265BED7E00DE534D /* NetworkConstants.swift in Sources */,
				CD2A26ED265D67B90071234C /* TabBarController.swift in Sources */,
				CD2A26D8265D34F20071234C /* DetailsView.swift in Sources */,
				CD828B46265BECD300DE534D /* UnknowError.swift in Sources */,
				CD828B5A265BF11F00DE534D /* HomeView.swift in Sources */,
				CD828B36265BEC0C00DE534D /* NetworkManager.swift in Sources */,
				CD2A26E7265D655D0071234C /* Favourite.swift in Sources */,
				CD2A26DB265D40F70071234C /* DetailsWebService.swift in Sources */,
				CD2A26C7265D05690071234C /* MovieRowView.swift in Sources */,
				CD2A26DE265D41070071234C /* DetailsViewModel.swift in Sources */,
				CD828B43265BECB800DE534D /* RequestType.swift in Sources */,
				CD828B4D265BEE8000DE534D /* HomeViewController.swift in Sources */,
				CD2A26E4265D4AC10071234C /* MoviePersisterManager.swift in Sources */,
				CD828B13265BE9AE00DE534D /* AppDelegate.swift in Sources */,
				CD828B57265BEFC600DE534D /* HomeWebService.swift in Sources */,
				CD828B5D265BF31A00DE534D /* NowPlayingView.swift in Sources */,
				CD2A26D5265D32050071234C /* DetailViewController.swift in Sources */,
				CD828B64265BFC0700DE534D /* NowPlayingResponse.swift in Sources */,
				CD2A26F1265D68AE0071234C /* FavouritesViewController.swift in Sources */,
				CD828B40265BEC9900DE534D /* CustomHttpError.swift in Sources */,
				CD828B3D265BEC6700DE534D /* Decoder.swift in Sources */,
				CD2A26CE265D12010071234C /* ImageCacheManager.swift in Sources */,
				CD828B53265BEF3700DE534D /* Movie.swift in Sources */,
				CD828B61265BF61300DE534D /* HomeViewModel.swift in Sources */,
				CD2A26CB265D067B0071234C /* MovieRowCollectionViewController.swift in Sources */,
				CD828B15265BE9AE00DE534D /* SceneDelegate.swift in Sources */,
				CD2A26F4265D70C80071234C /* FavouriteView.swift in Sources */,
				CD2A26E1265D415B0071234C /* MovieDetailsResponse.swift in Sources */,
			);
			runOnlyForDeploymentPostprocessing = 0;
		};
/* End PBXSourcesBuildPhase section */

/* Begin PBXVariantGroup section */
		CD828B1D265BE9AF00DE534D /* LaunchScreen.storyboard */ = {
			isa = PBXVariantGroup;
			children = (
				CD828B1E265BE9AF00DE534D /* Base */,
			);
			name = LaunchScreen.storyboard;
			sourceTree = "<group>";
		};
/* End PBXVariantGroup section */

/* Begin XCBuildConfiguration section */
		CD828B21265BE9AF00DE534D /* Debug */ = {
			isa = XCBuildConfiguration;
			buildSettings = {
				ALWAYS_SEARCH_USER_PATHS = NO;
				CLANG_ANALYZER_NONNULL = YES;
				CLANG_ANALYZER_NUMBER_OBJECT_CONVERSION = YES_AGGRESSIVE;
				CLANG_CXX_LANGUAGE_STANDARD = "gnu++14";
				CLANG_CXX_LIBRARY = "libc++";
				CLANG_ENABLE_MODULES = YES;
				CLANG_ENABLE_OBJC_ARC = YES;
				CLANG_ENABLE_OBJC_WEAK = YES;
				CLANG_WARN_BLOCK_CAPTURE_AUTORELEASING = YES;
				CLANG_WARN_BOOL_CONVERSION = YES;
				CLANG_WARN_COMMA = YES;
				CLANG_WARN_CONSTANT_CONVERSION = YES;
				CLANG_WARN_DEPRECATED_OBJC_IMPLEMENTATIONS = YES;
				CLANG_WARN_DIRECT_OBJC_ISA_USAGE = YES_ERROR;
				CLANG_WARN_DOCUMENTATION_COMMENTS = YES;
				CLANG_WARN_EMPTY_BODY = YES;
				CLANG_WARN_ENUM_CONVERSION = YES;
				CLANG_WARN_INFINITE_RECURSION = YES;
				CLANG_WARN_INT_CONVERSION = YES;
				CLANG_WARN_NON_LITERAL_NULL_CONVERSION = YES;
				CLANG_WARN_OBJC_IMPLICIT_RETAIN_SELF = YES;
				CLANG_WARN_OBJC_LITERAL_CONVERSION = YES;
				CLANG_WARN_OBJC_ROOT_CLASS = YES_ERROR;
				CLANG_WARN_QUOTED_INCLUDE_IN_FRAMEWORK_HEADER = YES;
				CLANG_WARN_RANGE_LOOP_ANALYSIS = YES;
				CLANG_WARN_STRICT_PROTOTYPES = YES;
				CLANG_WARN_SUSPICIOUS_MOVE = YES;
				CLANG_WARN_UNGUARDED_AVAILABILITY = YES_AGGRESSIVE;
				CLANG_WARN_UNREACHABLE_CODE = YES;
				CLANG_WARN__DUPLICATE_METHOD_MATCH = YES;
				COPY_PHASE_STRIP = NO;
				DEBUG_INFORMATION_FORMAT = dwarf;
				ENABLE_STRICT_OBJC_MSGSEND = YES;
				ENABLE_TESTABILITY = YES;
				GCC_C_LANGUAGE_STANDARD = gnu11;
				GCC_DYNAMIC_NO_PIC = NO;
				GCC_NO_COMMON_BLOCKS = YES;
				GCC_OPTIMIZATION_LEVEL = 0;
				GCC_PREPROCESSOR_DEFINITIONS = (
					"DEBUG=1",
					"$(inherited)",
				);
				GCC_WARN_64_TO_32_BIT_CONVERSION = YES;
				GCC_WARN_ABOUT_RETURN_TYPE = YES_ERROR;
				GCC_WARN_UNDECLARED_SELECTOR = YES;
				GCC_WARN_UNINITIALIZED_AUTOS = YES_AGGRESSIVE;
				GCC_WARN_UNUSED_FUNCTION = YES;
				GCC_WARN_UNUSED_VARIABLE = YES;
				IPHONEOS_DEPLOYMENT_TARGET = 14.4;
				MTL_ENABLE_DEBUG_INFO = INCLUDE_SOURCE;
				MTL_FAST_MATH = YES;
				ONLY_ACTIVE_ARCH = YES;
				SDKROOT = iphoneos;
				SWIFT_ACTIVE_COMPILATION_CONDITIONS = DEBUG;
				SWIFT_OPTIMIZATION_LEVEL = "-Onone";
			};
			name = Debug;
		};
		CD828B22265BE9AF00DE534D /* Release */ = {
			isa = XCBuildConfiguration;
			buildSettings = {
				ALWAYS_SEARCH_USER_PATHS = NO;
				CLANG_ANALYZER_NONNULL = YES;
				CLANG_ANALYZER_NUMBER_OBJECT_CONVERSION = YES_AGGRESSIVE;
				CLANG_CXX_LANGUAGE_STANDARD = "gnu++14";
				CLANG_CXX_LIBRARY = "libc++";
				CLANG_ENABLE_MODULES = YES;
				CLANG_ENABLE_OBJC_ARC = YES;
				CLANG_ENABLE_OBJC_WEAK = YES;
				CLANG_WARN_BLOCK_CAPTURE_AUTORELEASING = YES;
				CLANG_WARN_BOOL_CONVERSION = YES;
				CLANG_WARN_COMMA = YES;
				CLANG_WARN_CONSTANT_CONVERSION = YES;
				CLANG_WARN_DEPRECATED_OBJC_IMPLEMENTATIONS = YES;
				CLANG_WARN_DIRECT_OBJC_ISA_USAGE = YES_ERROR;
				CLANG_WARN_DOCUMENTATION_COMMENTS = YES;
				CLANG_WARN_EMPTY_BODY = YES;
				CLANG_WARN_ENUM_CONVERSION = YES;
				CLANG_WARN_INFINITE_RECURSION = YES;
				CLANG_WARN_INT_CONVERSION = YES;
				CLANG_WARN_NON_LITERAL_NULL_CONVERSION = YES;
				CLANG_WARN_OBJC_IMPLICIT_RETAIN_SELF = YES;
				CLANG_WARN_OBJC_LITERAL_CONVERSION = YES;
				CLANG_WARN_OBJC_ROOT_CLASS = YES_ERROR;
				CLANG_WARN_QUOTED_INCLUDE_IN_FRAMEWORK_HEADER = YES;
				CLANG_WARN_RANGE_LOOP_ANALYSIS = YES;
				CLANG_WARN_STRICT_PROTOTYPES = YES;
				CLANG_WARN_SUSPICIOUS_MOVE = YES;
				CLANG_WARN_UNGUARDED_AVAILABILITY = YES_AGGRESSIVE;
				CLANG_WARN_UNREACHABLE_CODE = YES;
				CLANG_WARN__DUPLICATE_METHOD_MATCH = YES;
				COPY_PHASE_STRIP = NO;
				DEBUG_INFORMATION_FORMAT = "dwarf-with-dsym";
				ENABLE_NS_ASSERTIONS = NO;
				ENABLE_STRICT_OBJC_MSGSEND = YES;
				GCC_C_LANGUAGE_STANDARD = gnu11;
				GCC_NO_COMMON_BLOCKS = YES;
				GCC_WARN_64_TO_32_BIT_CONVERSION = YES;
				GCC_WARN_ABOUT_RETURN_TYPE = YES_ERROR;
				GCC_WARN_UNDECLARED_SELECTOR = YES;
				GCC_WARN_UNINITIALIZED_AUTOS = YES_AGGRESSIVE;
				GCC_WARN_UNUSED_FUNCTION = YES;
				GCC_WARN_UNUSED_VARIABLE = YES;
				IPHONEOS_DEPLOYMENT_TARGET = 14.4;
				MTL_ENABLE_DEBUG_INFO = NO;
				MTL_FAST_MATH = YES;
				SDKROOT = iphoneos;
				SWIFT_COMPILATION_MODE = wholemodule;
				SWIFT_OPTIMIZATION_LEVEL = "-O";
				VALIDATE_PRODUCT = YES;
			};
			name = Release;
		};
		CD828B24265BE9AF00DE534D /* Debug */ = {
			isa = XCBuildConfiguration;
			buildSettings = {
				ASSETCATALOG_COMPILER_APPICON_NAME = AppIcon;
				ASSETCATALOG_COMPILER_GLOBAL_ACCENT_COLOR_NAME = AccentColor;
				CODE_SIGN_STYLE = Automatic;
				DEVELOPMENT_TEAM = 34XCG4MM64;
				INFOPLIST_FILE = Mowee/Info.plist;
				LD_RUNPATH_SEARCH_PATHS = (
					"$(inherited)",
					"@executable_path/Frameworks",
				);
				PRODUCT_BUNDLE_IDENTIFIER = mojisola.Mowee;
				PRODUCT_NAME = "$(TARGET_NAME)";
				SWIFT_VERSION = 5.0;
				TARGETED_DEVICE_FAMILY = "1,2";
			};
			name = Debug;
		};
		CD828B25265BE9AF00DE534D /* Release */ = {
			isa = XCBuildConfiguration;
			buildSettings = {
				ASSETCATALOG_COMPILER_APPICON_NAME = AppIcon;
				ASSETCATALOG_COMPILER_GLOBAL_ACCENT_COLOR_NAME = AccentColor;
				CODE_SIGN_STYLE = Automatic;
				DEVELOPMENT_TEAM = 34XCG4MM64;
				INFOPLIST_FILE = Mowee/Info.plist;
				LD_RUNPATH_SEARCH_PATHS = (
					"$(inherited)",
					"@executable_path/Frameworks",
				);
				PRODUCT_BUNDLE_IDENTIFIER = mojisola.Mowee;
				PRODUCT_NAME = "$(TARGET_NAME)";
				SWIFT_VERSION = 5.0;
				TARGETED_DEVICE_FAMILY = "1,2";
			};
			name = Release;
		};
/* End XCBuildConfiguration section */

/* Begin XCConfigurationList section */
		CD828B0A265BE9AE00DE534D /* Build configuration list for PBXProject "Mowee" */ = {
			isa = XCConfigurationList;
			buildConfigurations = (
				CD828B21265BE9AF00DE534D /* Debug */,
				CD828B22265BE9AF00DE534D /* Release */,
			);
			defaultConfigurationIsVisible = 0;
			defaultConfigurationName = Release;
		};
		CD828B23265BE9AF00DE534D /* Build configuration list for PBXNativeTarget "Mowee" */ = {
			isa = XCConfigurationList;
			buildConfigurations = (
				CD828B24265BE9AF00DE534D /* Debug */,
				CD828B25265BE9AF00DE534D /* Release */,
			);
			defaultConfigurationIsVisible = 0;
			defaultConfigurationName = Release;
		};
/* End XCConfigurationList section */
	};
	rootObject = CD828B07265BE9AE00DE534D /* Project object */;
}
